
Microsoft Visual Studio Solution File, Format Version 12.00
# Visual Studio Version 17
VisualStudioVersion = 17.5.33516.290
MinimumVisualStudioVersion = 10.0.40219.1
Project("{888888A0-9F3D-457C-B088-3A5042F75D52}") = "imageManipulation", "imageManipulation\imageManipulation.pyproj", "{07B4A0B0-C4C9-4FEF-A6EC-F710A11E222A}"
EndProject
Global
	GlobalSection(SolutionConfigurationPlatforms) = preSolution
		Debug|Any CPU = Debug|Any CPU
		Release|Any CPU = Release|Any CPU
	EndGlobalSection
	GlobalSection(ProjectConfigurationPlatforms) = postSolution
		{07B4A0B0-C4C9-4FEF-A6EC-F710A11E222A}.Debug|Any CPU.ActiveCfg = Debug|Any CPU
		{07B4A0B0-C4C9-4FEF-A6EC-F710A11E222A}.Release|Any CPU.ActiveCfg = Release|Any CPU
	EndGlobalSection
	GlobalSection(SolutionProperties) = preSolution
		HideSolutionNode = FALSE
	EndGlobalSection
	GlobalSection(ExtensibilityGlobals) = postSolution
		SolutionGuid = {EC6949B0-6CE0-45C7-9302-856D0E16B81E}
	EndGlobalSection
EndGlobal
