
Microsoft Visual Studio Solution File, Format Version 12.00
# Visual Studio Version 17
VisualStudioVersion = 17.6.33723.286
MinimumVisualStudioVersion = 10.0.40219.1
Project("{888888A0-9F3D-457C-B088-3A5042F75D52}") = "imageManipulation", "imageManipulation.pyproj", "{84D7233F-04AF-446F-813C-A8591462E1FE}"
EndProject
Global
	GlobalSection(SolutionConfigurationPlatforms) = preSolution
		Debug|Any CPU = Debug|Any CPU
		Release|Any CPU = Release|Any CPU
	EndGlobalSection
	GlobalSection(ProjectConfigurationPlatforms) = postSolution
		{84D7233F-04AF-446F-813C-A8591462E1FE}.Debug|Any CPU.ActiveCfg = Debug|Any CPU
		{84D7233F-04AF-446F-813C-A8591462E1FE}.Release|Any CPU.ActiveCfg = Release|Any CPU
	EndGlobalSection
	GlobalSection(SolutionProperties) = preSolution
		HideSolutionNode = FALSE
	EndGlobalSection
	GlobalSection(ExtensibilityGlobals) = postSolution
		SolutionGuid = {DBC6031E-9FCC-40F6-9ABA-2BAF08EE0896}
	EndGlobalSection
EndGlobal
